// !$*UTF8*$!
{
	archiveVersion = 1;
	classes = {
	};
	objectVersion = 60;
	objects = {

/* Begin PBXBuildFile section */
		746ADAA82F7E4C3E0076A047 /* AppsFlyerLib-Static in Frameworks */ = {isa = PBXBuildFile; productRef = 746ADAA72F7E4C3E0076A047 /* AppsFlyerLib-Static */; };
		746ADAAB2F7E4C7E0076A047 /* FirebaseMessaging in Frameworks */ = {isa = PBXBuildFile; productRef = 746ADAAA2F7E4C7E0076A047 /* FirebaseMessaging */; };
		746AE54C2F7E65E60076A047 /* FirebaseMessaging in Frameworks */ = {isa = PBXBuildFile; productRef = 746AE54B2F7E65E60076A047 /* FirebaseMessaging */; };
		746AE5F22F7E6A820076A047 /* Assets.xcassets in Resources */ = {isa = PBXBuildFile; fileRef = 746AE5E72F7E6A820076A047 /* Assets.xcassets */; };
		746AE5F32F7E6A820076A047 /* GoogleService-Info.plist in Resources */ = {isa = PBXBuildFile; fileRef = 746AE5E92F7E6A820076A047 /* GoogleService-Info.plist */; };
		746AE5F52F7E6A820076A047 /* LaunchScreen.storyboard in Resources */ = {isa = PBXBuildFile; fileRef = 746AE5EC2F7E6A820076A047 /* LaunchScreen.storyboard */; };
		746AE5F62F7E6A820076A047 /* Main.storyboard in Resources */ = {isa = PBXBuildFile; fileRef = 746AE5EE2F7E6A820076A047 /* Main.storyboard */; };
		746AE5F72F7E6A820076A047 /* AppColor.swift in Sources */ = {isa = PBXBuildFile; fileRef = 746AE5B52F7E6A820076A047 /* AppColor.swift */; };
		746AE5F82F7E6A820076A047 /* AppVisualStyle.swift in Sources */ = {isa = PBXBuildFile; fileRef = 746AE5B62F7E6A820076A047 /* AppVisualStyle.swift */; };
		746AE5F92F7E6A820076A047 /* GameModels.swift in Sources */ = {isa = PBXBuildFile; fileRef = 746AE5B82F7E6A820076A047 /* GameModels.swift */; };
		746AE5FA2F7E6A820076A047 /* AppStorage.swift in Sources */ = {isa = PBXBuildFile; fileRef = 746AE5BA2F7E6A820076A047 /* AppStorage.swift */; };
		746AE5FB2F7E6A820076A047 /* AppExternalLinks.swift in Sources */ = {isa = PBXBuildFile; fileRef = 746AE5BC2F7E6A820076A047 /* AppExternalLinks.swift */; };
		746AE5FC2F7E6A820076A047 /* ColorMatchGameView.swift in Sources */ = {isa = PBXBuildFile; fileRef = 746AE5BE2F7E6A820076A047 /* ColorMatchGameView.swift */; };
		746AE5FD2F7E6A820076A047 /* ColorMatchViewModel.swift in Sources */ = {isa = PBXBuildFile; fileRef = 746AE5BF2F7E6A820076A047 /* ColorMatchViewModel.swift */; };
		746AE5FE2F7E6A820076A047 /* HomeView.swift in Sources */ = {isa = PBXBuildFile; fileRef = 746AE5C12F7E6A820076A047 /* HomeView.swift */; };
		746AE5FF2F7E6A820076A047 /* MainTabView.swift in Sources */ = {isa = PBXBuildFile; fileRef = 746AE5C32F7E6A820076A047 /* MainTabView.swift */; };
		746AE6002F7E6A820076A047 /* OnboardingView.swift in Sources */ = {isa = PBXBuildFile; fileRef = 746AE5C52F7E6A820076A047 /* OnboardingView.swift */; };
		746AE6012F7E6A820076A047 /* SettingsView.swift in Sources */ = {isa = PBXBuildFile; fileRef = 746AE5C72F7E6A820076A047 /* SettingsView.swift */; };
		746AE6022F7E6A820076A047 /* MazeLayout.swift in Sources */ = {isa = PBXBuildFile; fileRef = 746AE5C92F7E6A820076A047 /* MazeLayout.swift */; };
		746AE6032F7E6A820076A047 /* ShapeEscapeGameView.swift in Sources */ = {isa = PBXBuildFile; fileRef = 746AE5CA2F7E6A820076A047 /* ShapeEscapeGameView.swift */; };
		746AE6042F7E6A820076A047 /* ShapeEscapeViewModel.swift in Sources */ = {isa = PBXBuildFile; fileRef = 746AE5CB2F7E6A820076A047 /* ShapeEscapeViewModel.swift */; };
		746AE6052F7E6A820076A047 /* ActiveGameSpec.swift in Sources */ = {isa = PBXBuildFile; fileRef = 746AE5CD2F7E6A820076A047 /* ActiveGameSpec.swift */; };
		746AE6062F7E6A820076A047 /* DifficultyPicker.swift in Sources */ = {isa = PBXBuildFile; fileRef = 746AE5CE2F7E6A820076A047 /* DifficultyPicker.swift */; };
		746AE6072F7E6A820076A047 /* GameHubView.swift in Sources */ = {isa = PBXBuildFile; fileRef = 746AE5CF2F7E6A820076A047 /* GameHubView.swift */; };
		746AE6082F7E6A820076A047 /* GameResultView.swift in Sources */ = {isa = PBXBuildFile; fileRef = 746AE5D02F7E6A820076A047 /* GameResultView.swift */; };
		746AE6092F7E6A820076A047 /* LevelGridView.swift in Sources */ = {isa = PBXBuildFile; fileRef = 746AE5D12F7E6A820076A047 /* LevelGridView.swift */; };
		746AE60A2F7E6A820076A047 /* StarCollectorGameView.swift in Sources */ = {isa = PBXBuildFile; fileRef = 746AE5D32F7E6A820076A047 /* StarCollectorGameView.swift */; };
		746AE60B2F7E6A820076A047 /* StarCollectorViewModel.swift in Sources */ = {isa = PBXBuildFile; fileRef = 746AE5D42F7E6A820076A047 /* StarCollectorViewModel.swift */; };
		746AE60C2F7E6A820076A047 /* AppsFlyerManager.swift in Sources */ = {isa = PBXBuildFile; fileRef = 746AE5D72F7E6A820076A047 /* AppsFlyerManager.swift */; };
		746AE60D2F7E6A820076A047 /* ConfigManager.swift in Sources */ = {isa = PBXBuildFile; fileRef = 746AE5D82F7E6A820076A047 /* ConfigManager.swift */; };
		746AE60E2F7E6A820076A047 /* LoadingManager.swift in Sources */ = {isa = PBXBuildFile; fileRef = 746AE5D92F7E6A820076A047 /* LoadingManager.swift */; };
		746AE60F2F7E6A820076A047 /* LoadingView.swift in Sources */ = {isa = PBXBuildFile; fileRef = 746AE5DA2F7E6A820076A047 /* LoadingView.swift */; };
		746AE6102F7E6A820076A047 /* LoadingViewController.swift in Sources */ = {isa = PBXBuildFile; fileRef = 746AE5DB2F7E6A820076A047 /* LoadingViewController.swift */; };
		746AE6112F7E6A820076A047 /* NetworkAvailability.swift in Sources */ = {isa = PBXBuildFile; fileRef = 746AE5DC2F7E6A820076A047 /* NetworkAvailability.swift */; };
		746AE6122F7E6A820076A047 /* NoInternetView.swift in Sources */ = {isa = PBXBuildFile; fileRef = 746AE5DD2F7E6A820076A047 /* NoInternetView.swift */; };
		746AE6132F7E6A820076A047 /* NotificationPermissionManager.swift in Sources */ = {isa = PBXBuildFile; fileRef = 746AE5DE2F7E6A820076A047 /* NotificationPermissionManager.swift */; };
		746AE6142F7E6A820076A047 /* NotificationPermissionView.swift in Sources */ = {isa = PBXBuildFile; fileRef = 746AE5DF2F7E6A820076A047 /* NotificationPermissionView.swift */; };
		746AE6152F7E6A820076A047 /* NotificationPermissionViewController.swift in Sources */ = {isa = PBXBuildFile; fileRef = 746AE5E02F7E6A820076A047 /* NotificationPermissionViewController.swift */; };
		746AE6162F7E6A820076A047 /* PushNotificationURLRouter.swift in Sources */ = {isa = PBXBuildFile; fileRef = 746AE5E12F7E6A820076A047 /* PushNotificationURLRouter.swift */; };
		746AE6172F7E6A820076A047 /* UserAgentBuilder.swift in Sources */ = {isa = PBXBuildFile; fileRef = 746AE5E22F7E6A820076A047 /* UserAgentBuilder.swift */; };
		746AE6182F7E6A820076A047 /* WebviewVC.swift in Sources */ = {isa = PBXBuildFile; fileRef = 746AE5E32F7E6A820076A047 /* WebviewVC.swift */; };
		746AE6192F7E6A820076A047 /* AppDelegate.swift in Sources */ = {isa = PBXBuildFile; fileRef = 746AE5E52F7E6A820076A047 /* AppDelegate.swift */; };
		746AE61A2F7E6A820076A047 /* AppTabBarAppearance.swift in Sources */ = {isa = PBXBuildFile; fileRef = 746AE5E62F7E6A820076A047 /* AppTabBarAppearance.swift */; };
		746AE61B2F7E6A820076A047 /* ContentView.swift in Sources */ = {isa = PBXBuildFile; fileRef = 746AE5E82F7E6A820076A047 /* ContentView.swift */; };
		746AE61C2F7E6A820076A047 /* SceneDelegate.swift in Sources */ = {isa = PBXBuildFile; fileRef = 746AE5EF2F7E6A820076A047 /* SceneDelegate.swift */; };
		746AE61D2F7E6A820076A047 /* ViewController.swift in Sources */ = {isa = PBXBuildFile; fileRef = 746AE5F02F7E6A820076A047 /* ViewController.swift */; };
		8D0E1F2031425364758695C8 /* NotificationServiceExtension.appex in Embed Foundation Extensions */ = {isa = PBXBuildFile; fileRef = 8E1F2031425364758695C9D0 /* NotificationServiceExtension.appex */; settings = {ATTRIBUTES = (RemoveHeadersOnCopy, ); }; };
		D2122233445566778899B444 /* NotificationServiceExtension/NotificationService.swift in Sources */ = {isa = PBXBuildFile; fileRef = D1122233445566778899B333 /* NotificationServiceExtension/NotificationService.swift */; };
/* End PBXBuildFile section */

/* Begin PBXContainerItemProxy section */
		E01F2031425364758695CD0 /* PBXContainerItemProxy */ = {
			isa = PBXContainerItemProxy;
			containerPortal = 744B21AA2F77243000F2A8EB /* Project object */;
			proxyType = 1;
			remoteGlobalIDString = C4122233445566778899AFFF;
			remoteInfo = NotificationServiceExtension;
		};
/* End PBXContainerItemProxy section */

/* Begin PBXCopyFilesBuildPhase section */
		8F1021324354657687989AAB /* Embed Foundation Extensions */ = {
			isa = PBXCopyFilesBuildPhase;
			buildActionMask = 2147483647;
			dstPath = "";
			dstSubfolderSpec = 13;
			files = (
				8D0E1F2031425364758695C8 /* NotificationServiceExtension.appex in Embed Foundation Extensions */,
			);
			name = "Embed Foundation Extensions";
			runOnlyForDeploymentPostprocessing = 0;
		};
/* End PBXCopyFilesBuildPhase section */

/* Begin PBXFileReference section */
		04C9DDA9880FCE77FE51CE5E /* Pods-108BrenrigaPorgrarvul.release.xcconfig */ = {isa = PBXFileReference; includeInIndex = 1; lastKnownFileType = text.xcconfig; name = "Pods-108BrenrigaPorgrarvul.release.xcconfig"; path = "Target Support Files/Pods-108BrenrigaPorgrarvul/Pods-108BrenrigaPorgrarvul.release.xcconfig"; sourceTree = "<group>"; };
		60932F831872CF9426966E4C /* Pods-108BrenrigaPorgrarvul.debug.xcconfig */ = {isa = PBXFileReference; includeInIndex = 1; lastKnownFileType = text.xcconfig; name = "Pods-108BrenrigaPorgrarvul.debug.xcconfig"; path = "Target Support Files/Pods-108BrenrigaPorgrarvul/Pods-108BrenrigaPorgrarvul.debug.xcconfig"; sourceTree = "<group>"; };
		744B21B22F77243100F2A8EB /* 108BrenrigaPorgrarvul.app */ = {isa = PBXFileReference; explicitFileType = wrapper.application; includeInIndex = 0; path = 108BrenrigaPorgrarvul.app; sourceTree = BUILT_PRODUCTS_DIR; };
		746AE5B52F7E6A820076A047 /* AppColor.swift */ = {isa = PBXFileReference; lastKnownFileType = sourcecode.swift; path = AppColor.swift; sourceTree = "<group>"; };
		746AE5B62F7E6A820076A047 /* AppVisualStyle.swift */ = {isa = PBXFileReference; lastKnownFileType = sourcecode.swift; path = AppVisualStyle.swift; sourceTree = "<group>"; };
		746AE5B82F7E6A820076A047 /* GameModels.swift */ = {isa = PBXFileReference; lastKnownFileType = sourcecode.swift; path = GameModels.swift; sourceTree = "<group>"; };
		746AE5BA2F7E6A820076A047 /* AppStorage.swift */ = {isa = PBXFileReference; lastKnownFileType = sourcecode.swift; path = AppStorage.swift; sourceTree = "<group>"; };
		746AE5BC2F7E6A820076A047 /* AppExternalLinks.swift */ = {isa = PBXFileReference; lastKnownFileType = sourcecode.swift; path = AppExternalLinks.swift; sourceTree = "<group>"; };
		746AE5BE2F7E6A820076A047 /* ColorMatchGameView.swift */ = {isa = PBXFileReference; lastKnownFileType = sourcecode.swift; path = ColorMatchGameView.swift; sourceTree = "<group>"; };
		746AE5BF2F7E6A820076A047 /* ColorMatchViewModel.swift */ = {isa = PBXFileReference; lastKnownFileType = sourcecode.swift; path = ColorMatchViewModel.swift; sourceTree = "<group>"; };
		746AE5C12F7E6A820076A047 /* HomeView.swift */ = {isa = PBXFileReference; lastKnownFileType = sourcecode.swift; path = HomeView.swift; sourceTree = "<group>"; };
		746AE5C32F7E6A820076A047 /* MainTabView.swift */ = {isa = PBXFileReference; lastKnownFileType = sourcecode.swift; path = MainTabView.swift; sourceTree = "<group>"; };
		746AE5C52F7E6A820076A047 /* OnboardingView.swift */ = {isa = PBXFileReference; lastKnownFileType = sourcecode.swift; path = OnboardingView.swift; sourceTree = "<group>"; };
		746AE5C72F7E6A820076A047 /* SettingsView.swift */ = {isa = PBXFileReference; lastKnownFileType = sourcecode.swift; path = SettingsView.swift; sourceTree = "<group>"; };
		746AE5C92F7E6A820076A047 /* MazeLayout.swift */ = {isa = PBXFileReference; lastKnownFileType = sourcecode.swift; path = MazeLayout.swift; sourceTree = "<group>"; };
		746AE5CA2F7E6A820076A047 /* ShapeEscapeGameView.swift */ = {isa = PBXFileReference; lastKnownFileType = sourcecode.swift; path = ShapeEscapeGameView.swift; sourceTree = "<group>"; };
		746AE5CB2F7E6A820076A047 /* ShapeEscapeViewModel.swift */ = {isa = PBXFileReference; lastKnownFileType = sourcecode.swift; path = ShapeEscapeViewModel.swift; sourceTree = "<group>"; };
		746AE5CD2F7E6A820076A047 /* ActiveGameSpec.swift */ = {isa = PBXFileReference; lastKnownFileType = sourcecode.swift; path = ActiveGameSpec.swift; sourceTree = "<group>"; };
		746AE5CE2F7E6A820076A047 /* DifficultyPicker.swift */ = {isa = PBXFileReference; lastKnownFileType = sourcecode.swift; path = DifficultyPicker.swift; sourceTree = "<group>"; };
		746AE5CF2F7E6A820076A047 /* GameHubView.swift */ = {isa = PBXFileReference; lastKnownFileType = sourcecode.swift; path = GameHubView.swift; sourceTree = "<group>"; };
		746AE5D02F7E6A820076A047 /* GameResultView.swift */ = {isa = PBXFileReference; lastKnownFileType = sourcecode.swift; path = GameResultView.swift; sourceTree = "<group>"; };
		746AE5D12F7E6A820076A047 /* LevelGridView.swift */ = {isa = PBXFileReference; lastKnownFileType = sourcecode.swift; path = LevelGridView.swift; sourceTree = "<group>"; };
		746AE5D32F7E6A820076A047 /* StarCollectorGameView.swift */ = {isa = PBXFileReference; lastKnownFileType = sourcecode.swift; path = StarCollectorGameView.swift; sourceTree = "<group>"; };
		746AE5D42F7E6A820076A047 /* StarCollectorViewModel.swift */ = {isa = PBXFileReference; lastKnownFileType = sourcecode.swift; path = StarCollectorViewModel.swift; sourceTree = "<group>"; };
		746AE5D72F7E6A820076A047 /* AppsFlyerManager.swift */ = {isa = PBXFileReference; lastKnownFileType = sourcecode.swift; path = AppsFlyerManager.swift; sourceTree = "<group>"; };
		746AE5D82F7E6A820076A047 /* ConfigManager.swift */ = {isa = PBXFileReference; lastKnownFileType = sourcecode.swift; path = ConfigManager.swift; sourceTree = "<group>"; };
		746AE5D92F7E6A820076A047 /* LoadingManager.swift */ = {isa = PBXFileReference; lastKnownFileType = sourcecode.swift; path = LoadingManager.swift; sourceTree = "<group>"; };
		746AE5DA2F7E6A820076A047 /* LoadingView.swift */ = {isa = PBXFileReference; lastKnownFileType = sourcecode.swift; path = LoadingView.swift; sourceTree = "<group>"; };
		746AE5DB2F7E6A820076A047 /* LoadingViewController.swift */ = {isa = PBXFileReference; lastKnownFileType = sourcecode.swift; path = LoadingViewController.swift; sourceTree = "<group>"; };
		746AE5DC2F7E6A820076A047 /* NetworkAvailability.swift */ = {isa = PBXFileReference; lastKnownFileType = sourcecode.swift; path = NetworkAvailability.swift; sourceTree = "<group>"; };
		746AE5DD2F7E6A820076A047 /* NoInternetView.swift */ = {isa = PBXFileReference; lastKnownFileType = sourcecode.swift; path = NoInternetView.swift; sourceTree = "<group>"; };
		746AE5DE2F7E6A820076A047 /* NotificationPermissionManager.swift */ = {isa = PBXFileReference; lastKnownFileType = sourcecode.swift; path = NotificationPermissionManager.swift; sourceTree = "<group>"; };
		746AE5DF2F7E6A820076A047 /* NotificationPermissionView.swift */ = {isa = PBXFileReference; lastKnownFileType = sourcecode.swift; path = NotificationPermissionView.swift; sourceTree = "<group>"; };
		746AE5E02F7E6A820076A047 /* NotificationPermissionViewController.swift */ = {isa = PBXFileReference; lastKnownFileType = sourcecode.swift; path = NotificationPermissionViewController.swift; sourceTree = "<group>"; };
		746AE5E12F7E6A820076A047 /* PushNotificationURLRouter.swift */ = {isa = PBXFileReference; lastKnownFileType = sourcecode.swift; path = PushNotificationURLRouter.swift; sourceTree = "<group>"; };
		746AE5E22F7E6A820076A047 /* UserAgentBuilder.swift */ = {isa = PBXFileReference; lastKnownFileType = sourcecode.swift; path = UserAgentBuilder.swift; sourceTree = "<group>"; };
		746AE5E32F7E6A820076A047 /* WebviewVC.swift */ = {isa = PBXFileReference; lastKnownFileType = sourcecode.swift; path = WebviewVC.swift; sourceTree = "<group>"; };
		746AE5E52F7E6A820076A047 /* AppDelegate.swift */ = {isa = PBXFileReference; lastKnownFileType = sourcecode.swift; path = AppDelegate.swift; sourceTree = "<group>"; };
		746AE5E62F7E6A820076A047 /* AppTabBarAppearance.swift */ = {isa = PBXFileReference; lastKnownFileType = sourcecode.swift; path = AppTabBarAppearance.swift; sourceTree = "<group>"; };
		746AE5E72F7E6A820076A047 /* Assets.xcassets */ = {isa = PBXFileReference; lastKnownFileType = folder.assetcatalog; path = Assets.xcassets; sourceTree = "<group>"; };
		746AE5E82F7E6A820076A047 /* ContentView.swift */ = {isa = PBXFileReference; lastKnownFileType = sourcecode.swift; path = ContentView.swift; sourceTree = "<group>"; };
		746AE5E92F7E6A820076A047 /* GoogleService-Info.plist */ = {isa = PBXFileReference; lastKnownFileType = text.plist.xml; path = "GoogleService-Info.plist"; sourceTree = "<group>"; };
		746AE5EA2F7E6A820076A047 /* Info.plist */ = {isa = PBXFileReference; lastKnownFileType = text.plist.xml; path = Info.plist; sourceTree = "<group>"; };
		746AE5EB2F7E6A820076A047 /* Base */ = {isa = PBXFileReference; lastKnownFileType = file.storyboard; name = Base; path = Base.lproj/LaunchScreen.storyboard; sourceTree = "<group>"; };
		746AE5ED2F7E6A820076A047 /* Base */ = {isa = PBXFileReference; lastKnownFileType = file.storyboard; name = Base; path = Base.lproj/Main.storyboard; sourceTree = "<group>"; };
		746AE5EF2F7E6A820076A047 /* SceneDelegate.swift */ = {isa = PBXFileReference; lastKnownFileType = sourcecode.swift; path = SceneDelegate.swift; sourceTree = "<group>"; };
		746AE5F02F7E6A820076A047 /* ViewController.swift */ = {isa = PBXFileReference; lastKnownFileType = sourcecode.swift; path = ViewController.swift; sourceTree = "<group>"; };
		8E1F2031425364758695C9D0 /* NotificationServiceExtension.appex */ = {isa = PBXFileReference; explicitFileType = "wrapper.app-extension"; includeInIndex = 0; path = NotificationServiceExtension.appex; sourceTree = BUILT_PRODUCTS_DIR; };
		CA92969F80CFAFF37356631A /* Pods_108BrenrigaPorgrarvul.framework */ = {isa = PBXFileReference; explicitFileType = wrapper.framework; includeInIndex = 0; path = Pods_108BrenrigaPorgrarvul.framework; sourceTree = BUILT_PRODUCTS_DIR; };
		D1122233445566778899B333 /* NotificationServiceExtension/NotificationService.swift */ = {isa = PBXFileReference; lastKnownFileType = sourcecode.swift; path = NotificationServiceExtension/NotificationService.swift; sourceTree = "<group>"; };
/* End PBXFileReference section */

/* Begin PBXFrameworksBuildPhase section */
		744B21AF2F77243100F2A8EB /* Frameworks */ = {
			isa = PBXFrameworksBuildPhase;
			buildActionMask = 2147483647;
			files = (
				746ADAAB2F7E4C7E0076A047 /* FirebaseMessaging in Frameworks */,
				746ADAA82F7E4C3E0076A047 /* AppsFlyerLib-Static in Frameworks */,
			);
			runOnlyForDeploymentPostprocessing = 0;
		};
		90112233445566778899AABB /* Frameworks */ = {
			isa = PBXFrameworksBuildPhase;
			buildActionMask = 2147483647;
			files = (
				746AE54C2F7E65E60076A047 /* FirebaseMessaging in Frameworks */,
			);
			runOnlyForDeploymentPostprocessing = 0;
		};
/* End PBXFrameworksBuildPhase section */

/* Begin PBXGroup section */
		01A265D0CF9B43374AF28155 /* Pods */ = {
			isa = PBXGroup;
			children = (
				60932F831872CF9426966E4C /* Pods-108BrenrigaPorgrarvul.debug.xcconfig */,
				04C9DDA9880FCE77FE51CE5E /* Pods-108BrenrigaPorgrarvul.release.xcconfig */,
			);
			path = Pods;
			sourceTree = "<group>";
		};
		744B21A92F77243000F2A8EB = {
			isa = PBXGroup;
			children = (
				746AE5F12F7E6A820076A047 /* 108BrenrigaPorgrarvul */,
				744B21B32F77243100F2A8EB /* Products */,
				01A265D0CF9B43374AF28155 /* Pods */,
				FC5E33A538CFD91203A7A610 /* Frameworks */,
				746AE47A2F7E529F0076A047 /* Recovered References */,
			);
			sourceTree = "<group>";
		};
		744B21B32F77243100F2A8EB /* Products */ = {
			isa = PBXGroup;
			children = (
				744B21B22F77243100F2A8EB /* 108BrenrigaPorgrarvul.app */,
				8E1F2031425364758695C9D0 /* NotificationServiceExtension.appex */,
			);
			name = Products;
			sourceTree = "<group>";
		};
		746AE47A2F7E529F0076A047 /* Recovered References */ = {
			isa = PBXGroup;
			children = (
				D1122233445566778899B333 /* NotificationServiceExtension/NotificationService.swift */,
			);
			name = "Recovered References";
			sourceTree = "<group>";
		};
		746AE5B72F7E6A820076A047 /* Design */ = {
			isa = PBXGroup;
			children = (
				746AE5B52F7E6A820076A047 /* AppColor.swift */,
				746AE5B62F7E6A820076A047 /* AppVisualStyle.swift */,
			);
			path = Design;
			sourceTree = "<group>";
		};
		746AE5B92F7E6A820076A047 /* Models */ = {
			isa = PBXGroup;
			children = (
				746AE5B82F7E6A820076A047 /* GameModels.swift */,
			);
			path = Models;
			sourceTree = "<group>";
		};
		746AE5BB2F7E6A820076A047 /* Storage */ = {
			isa = PBXGroup;
			children = (
				746AE5BA2F7E6A820076A047 /* AppStorage.swift */,
			);
			path = Storage;
			sourceTree = "<group>";
		};
		746AE5BD2F7E6A820076A047 /* Core */ = {
			isa = PBXGroup;
			children = (
				746AE5B72F7E6A820076A047 /* Design */,
				746AE5B92F7E6A820076A047 /* Models */,
				746AE5BB2F7E6A820076A047 /* Storage */,
				746AE5BC2F7E6A820076A047 /* AppExternalLinks.swift */,
			);
			path = Core;
			sourceTree = "<group>";
		};
		746AE5C02F7E6A820076A047 /* ColorMatch */ = {
			isa = PBXGroup;
			children = (
				746AE5BE2F7E6A820076A047 /* ColorMatchGameView.swift */,
				746AE5BF2F7E6A820076A047 /* ColorMatchViewModel.swift */,
			);
			path = ColorMatch;
			sourceTree = "<group>";
		};
		746AE5C22F7E6A820076A047 /* Home */ = {
			isa = PBXGroup;
			children = (
				746AE5C12F7E6A820076A047 /* HomeView.swift */,
			);
			path = Home;
			sourceTree = "<group>";
		};
		746AE5C42F7E6A820076A047 /* Main */ = {
			isa = PBXGroup;
			children = (
				746AE5C32F7E6A820076A047 /* MainTabView.swift */,
			);
			path = Main;
			sourceTree = "<group>";
		};
		746AE5C62F7E6A820076A047 /* Onboarding */ = {
			isa = PBXGroup;
			children = (
				746AE5C52F7E6A820076A047 /* OnboardingView.swift */,
			);
			path = Onboarding;
			sourceTree = "<group>";
		};
		746AE5C82F7E6A820076A047 /* Settings */ = {
			isa = PBXGroup;
			children = (
				746AE5C72F7E6A820076A047 /* SettingsView.swift */,
			);
			path = Settings;
			sourceTree = "<group>";
		};
		746AE5CC2F7E6A820076A047 /* ShapeEscape */ = {
			isa = PBXGroup;
			children = (
				746AE5C92F7E6A820076A047 /* MazeLayout.swift */,
				746AE5CA2F7E6A820076A047 /* ShapeEscapeGameView.swift */,
				746AE5CB2F7E6A820076A047 /* ShapeEscapeViewModel.swift */,
			);
			path = ShapeEscape;
			sourceTree = "<group>";
		};
		746AE5D22F7E6A820076A047 /* Shared */ = {
			isa = PBXGroup;
			children = (
				746AE5CD2F7E6A820076A047 /* ActiveGameSpec.swift */,
				746AE5CE2F7E6A820076A047 /* DifficultyPicker.swift */,
				746AE5CF2F7E6A820076A047 /* GameHubView.swift */,
				746AE5D02F7E6A820076A047 /* GameResultView.swift */,
				746AE5D12F7E6A820076A047 /* LevelGridView.swift */,
			);
			path = Shared;
			sourceTree = "<group>";
		};
		746AE5D52F7E6A820076A047 /* StarCollector */ = {
			isa = PBXGroup;
			children = (
				746AE5D32F7E6A820076A047 /* StarCollectorGameView.swift */,
				746AE5D42F7E6A820076A047 /* StarCollectorViewModel.swift */,
			);
			path = StarCollector;
			sourceTree = "<group>";
		};
		746AE5D62F7E6A820076A047 /* Features */ = {
			isa = PBXGroup;
			children = (
				746AE5C02F7E6A820076A047 /* ColorMatch */,
				746AE5C22F7E6A820076A047 /* Home */,
				746AE5C42F7E6A820076A047 /* Main */,
				746AE5C62F7E6A820076A047 /* Onboarding */,
				746AE5C82F7E6A820076A047 /* Settings */,
				746AE5CC2F7E6A820076A047 /* ShapeEscape */,
				746AE5D22F7E6A820076A047 /* Shared */,
				746AE5D52F7E6A820076A047 /* StarCollector */,
			);
			path = Features;
			sourceTree = "<group>";
		};
		746AE5E42F7E6A820076A047 /* Loading */ = {
			isa = PBXGroup;
			children = (
				746AE5D72F7E6A820076A047 /* AppsFlyerManager.swift */,
				746AE5D82F7E6A820076A047 /* ConfigManager.swift */,
				746AE5D92F7E6A820076A047 /* LoadingManager.swift */,
				746AE5DA2F7E6A820076A047 /* LoadingView.swift */,
				746AE5DB2F7E6A820076A047 /* LoadingViewController.swift */,
				746AE5DC2F7E6A820076A047 /* NetworkAvailability.swift */,
				746AE5DD2F7E6A820076A047 /* NoInternetView.swift */,
				746AE5DE2F7E6A820076A047 /* NotificationPermissionManager.swift */,
				746AE5DF2F7E6A820076A047 /* NotificationPermissionView.swift */,
				746AE5E02F7E6A820076A047 /* NotificationPermissionViewController.swift */,
				746AE5E12F7E6A820076A047 /* PushNotificationURLRouter.swift */,
				746AE5E22F7E6A820076A047 /* UserAgentBuilder.swift */,
				746AE5E32F7E6A820076A047 /* WebviewVC.swift */,
			);
			path = Loading;
			sourceTree = "<group>";
		};
		746AE5F12F7E6A820076A047 /* 108BrenrigaPorgrarvul */ = {
			isa = PBXGroup;
			children = (
				746AE5BD2F7E6A820076A047 /* Core */,
				746AE5D62F7E6A820076A047 /* Features */,
				746AE5E42F7E6A820076A047 /* Loading */,
				746AE5E52F7E6A820076A047 /* AppDelegate.swift */,
				746AE5E62F7E6A820076A047 /* AppTabBarAppearance.swift */,
				746AE5E72F7E6A820076A047 /* Assets.xcassets */,
				746AE5E82F7E6A820076A047 /* ContentView.swift */,
				746AE5E92F7E6A820076A047 /* GoogleService-Info.plist */,
				746AE5EA2F7E6A820076A047 /* Info.plist */,
				746AE5EC2F7E6A820076A047 /* LaunchScreen.storyboard */,
				746AE5EE2F7E6A820076A047 /* Main.storyboard */,
				746AE5EF2F7E6A820076A047 /* SceneDelegate.swift */,
				746AE5F02F7E6A820076A047 /* ViewController.swift */,
			);
			path = 108BrenrigaPorgrarvul;
			sourceTree = "<group>";
		};
		FC5E33A538CFD91203A7A610 /* Frameworks */ = {
			isa = PBXGroup;
			children = (
				CA92969F80CFAFF37356631A /* Pods_108BrenrigaPorgrarvul.framework */,
			);
			name = Frameworks;
			sourceTree = "<group>";
		};
/* End PBXGroup section */

/* Begin PBXNativeTarget section */
		744B21B12F77243100F2A8EB /* 108BrenrigaPorgrarvul */ = {
			isa = PBXNativeTarget;
			buildConfigurationList = 744B21C52F77243100F2A8EB /* Build configuration list for PBXNativeTarget "108BrenrigaPorgrarvul" */;
			buildPhases = (
				A73EC231A7192F43F4045AFA /* [CP] Check Pods Manifest.lock */,
				744B21AE2F77243100F2A8EB /* Sources */,
				744B21AF2F77243100F2A8EB /* Frameworks */,
				8F1021324354657687989AAB /* Embed Foundation Extensions */,
				744B21B02F77243100F2A8EB /* Resources */,
			);
			buildRules = (
			);
			dependencies = (
				E02F2031425364758695CD1 /* PBXTargetDependency */,
			);
			name = 108BrenrigaPorgrarvul;
			packageProductDependencies = (
				746ADAA72F7E4C3E0076A047 /* AppsFlyerLib-Static */,
				746ADAAA2F7E4C7E0076A047 /* FirebaseMessaging */,
			);
			productName = 108BrenrigaPorgrarvul;
			productReference = 744B21B22F77243100F2A8EB /* 108BrenrigaPorgrarvul.app */;
			productType = "com.apple.product-type.application";
		};
		C4122233445566778899AFFF /* NotificationServiceExtension */ = {
			isa = PBXNativeTarget;
			buildConfigurationList = C5122233445566778899B000 /* Build configuration list for PBXNativeTarget "NotificationServiceExtension" */;
			buildPhases = (
				A1122233445566778899AACC /* Sources */,
				90112233445566778899AABB /* Frameworks */,
			);
			buildRules = (
			);
			dependencies = (
			);
			name = NotificationServiceExtension;
			packageProductDependencies = (
				746AE54B2F7E65E60076A047 /* FirebaseMessaging */,
			);
			productName = NotificationServiceExtension;
			productReference = 8E1F2031425364758695C9D0 /* NotificationServiceExtension.appex */;
			productType = "com.apple.product-type.app-extension";
		};
/* End PBXNativeTarget section */

/* Begin PBXProject section */
		744B21AA2F77243000F2A8EB /* Project object */ = {
			isa = PBXProject;
			attributes = {
				BuildIndependentTargetsInParallel = 1;
				LastSwiftUpdateCheck = 2620;
				LastUpgradeCheck = 2620;
				TargetAttributes = {
					744B21B12F77243100F2A8EB = {
						CreatedOnToolsVersion = 26.2;
					};
					C4122233445566778899AFFF = {
						CreatedOnToolsVersion = 26.2;
					};
				};
			};
			buildConfigurationList = 744B21AD2F77243000F2A8EB /* Build configuration list for PBXProject "108BrenrigaPorgrarvul" */;
			compatibilityVersion = "Xcode 15.0";
			developmentRegion = en;
			hasScannedForEncodings = 0;
			knownRegions = (
				en,
				Base,
			);
			mainGroup = 744B21A92F77243000F2A8EB;
			packageReferences = (
				746ADAA62F7E4C3E0076A047 /* XCRemoteSwiftPackageReference "AppsFlyerFramework-Static" */,
				746ADAA92F7E4C7E0076A047 /* XCRemoteSwiftPackageReference "firebase-ios-sdk" */,
			);
			productRefGroup = 744B21B32F77243100F2A8EB /* Products */;
			projectDirPath = "";
			projectRoot = "";
			targets = (
				744B21B12F77243100F2A8EB /* 108BrenrigaPorgrarvul */,
				C4122233445566778899AFFF /* NotificationServiceExtension */,
			);
		};
/* End PBXProject section */

/* Begin PBXResourcesBuildPhase section */
		744B21B02F77243100F2A8EB /* Resources */ = {
			isa = PBXResourcesBuildPhase;
			buildActionMask = 2147483647;
			files = (
				746AE5F22F7E6A820076A047 /* Assets.xcassets in Resources */,
				746AE5F32F7E6A820076A047 /* GoogleService-Info.plist in Resources */,
				746AE5F52F7E6A820076A047 /* LaunchScreen.storyboard in Resources */,
				746AE5F62F7E6A820076A047 /* Main.storyboard in Resources */,
			);
			runOnlyForDeploymentPostprocessing = 0;
		};
/* End PBXResourcesBuildPhase section */

/* Begin PBXShellScriptBuildPhase section */
		A73EC231A7192F43F4045AFA /* [CP] Check Pods Manifest.lock */ = {
			isa = PBXShellScriptBuildPhase;
			buildActionMask = 2147483647;
			files = (
			);
			inputFileListPaths = (
			);
			inputPaths = (
				"${PODS_PODFILE_DIR_PATH}/Podfile.lock",
				"${PODS_ROOT}/Manifest.lock",
			);
			name = "[CP] Check Pods Manifest.lock";
			outputFileListPaths = (
			);
			outputPaths = (
				"$(DERIVED_FILE_DIR)/Pods-108BrenrigaPorgrarvul-checkManifestLockResult.txt",
			);
			runOnlyForDeploymentPostprocessing = 0;
			shellPath = /bin/sh;
			shellScript = "diff \"${PODS_PODFILE_DIR_PATH}/Podfile.lock\" \"${PODS_ROOT}/Manifest.lock\" > /dev/null\nif [ $? != 0 ] ; then\n    # print error to STDERR\n    echo \"error: The sandbox is not in sync with the Podfile.lock. Run 'pod install' or update your CocoaPods installation.\" >&2\n    exit 1\nfi\n# This output is used by Xcode 'outputs' to avoid re-running this script phase.\necho \"SUCCESS\" > \"${SCRIPT_OUTPUT_FILE_0}\"\n";
			showEnvVarsInLog = 0;
		};
/* End PBXShellScriptBuildPhase section */

/* Begin PBXSourcesBuildPhase section */
		744B21AE2F77243100F2A8EB /* Sources */ = {
			isa = PBXSourcesBuildPhase;
			buildActionMask = 2147483647;
			files = (
				746AE5F72F7E6A820076A047 /* AppColor.swift in Sources */,
				746AE5F82F7E6A820076A047 /* AppVisualStyle.swift in Sources */,
				746AE5F92F7E6A820076A047 /* GameModels.swift in Sources */,
				746AE5FA2F7E6A820076A047 /* AppStorage.swift in Sources */,
				746AE5FB2F7E6A820076A047 /* AppExternalLinks.swift in Sources */,
				746AE5FC2F7E6A820076A047 /* ColorMatchGameView.swift in Sources */,
				746AE5FD2F7E6A820076A047 /* ColorMatchViewModel.swift in Sources */,
				746AE5FE2F7E6A820076A047 /* HomeView.swift in Sources */,
				746AE5FF2F7E6A820076A047 /* MainTabView.swift in Sources */,
				746AE6002F7E6A820076A047 /* OnboardingView.swift in Sources */,
				746AE6012F7E6A820076A047 /* SettingsView.swift in Sources */,
				746AE6022F7E6A820076A047 /* MazeLayout.swift in Sources */,
				746AE6032F7E6A820076A047 /* ShapeEscapeGameView.swift in Sources */,
				746AE6042F7E6A820076A047 /* ShapeEscapeViewModel.swift in Sources */,
				746AE6052F7E6A820076A047 /* ActiveGameSpec.swift in Sources */,
				746AE6062F7E6A820076A047 /* DifficultyPicker.swift in Sources */,
				746AE6072F7E6A820076A047 /* GameHubView.swift in Sources */,
				746AE6082F7E6A820076A047 /* GameResultView.swift in Sources */,
				746AE6092F7E6A820076A047 /* LevelGridView.swift in Sources */,
				746AE60A2F7E6A820076A047 /* StarCollectorGameView.swift in Sources */,
				746AE60B2F7E6A820076A047 /* StarCollectorViewModel.swift in Sources */,
				746AE60C2F7E6A820076A047 /* AppsFlyerManager.swift in Sources */,
				746AE60D2F7E6A820076A047 /* ConfigManager.swift in Sources */,
				746AE60E2F7E6A820076A047 /* LoadingManager.swift in Sources */,
				746AE60F2F7E6A820076A047 /* LoadingView.swift in Sources */,
				746AE6102F7E6A820076A047 /* LoadingViewController.swift in Sources */,
				746AE6112F7E6A820076A047 /* NetworkAvailability.swift in Sources */,
				746AE6122F7E6A820076A047 /* NoInternetView.swift in Sources */,
				746AE6132F7E6A820076A047 /* NotificationPermissionManager.swift in Sources */,
				746AE6142F7E6A820076A047 /* NotificationPermissionView.swift in Sources */,
				746AE6152F7E6A820076A047 /* NotificationPermissionViewController.swift in Sources */,
				746AE6162F7E6A820076A047 /* PushNotificationURLRouter.swift in Sources */,
				746AE6172F7E6A820076A047 /* UserAgentBuilder.swift in Sources */,
				746AE6182F7E6A820076A047 /* WebviewVC.swift in Sources */,
				746AE6192F7E6A820076A047 /* AppDelegate.swift in Sources */,
				746AE61A2F7E6A820076A047 /* AppTabBarAppearance.swift in Sources */,
				746AE61B2F7E6A820076A047 /* ContentView.swift in Sources */,
				746AE61C2F7E6A820076A047 /* SceneDelegate.swift in Sources */,
				746AE61D2F7E6A820076A047 /* ViewController.swift in Sources */,
			);
			runOnlyForDeploymentPostprocessing = 0;
		};
		A1122233445566778899AACC /* Sources */ = {
			isa = PBXSourcesBuildPhase;
			buildActionMask = 2147483647;
			files = (
				D2122233445566778899B444 /* NotificationServiceExtension/NotificationService.swift in Sources */,
			);
			runOnlyForDeploymentPostprocessing = 0;
		};
/* End PBXSourcesBuildPhase section */

/* Begin PBXTargetDependency section */
		E02F2031425364758695CD1 /* PBXTargetDependency */ = {
			isa = PBXTargetDependency;
			target = C4122233445566778899AFFF /* NotificationServiceExtension */;
			targetProxy = E01F2031425364758695CD0 /* PBXContainerItemProxy */;
		};
/* End PBXTargetDependency section */

/* Begin PBXVariantGroup section */
		746AE5EC2F7E6A820076A047 /* LaunchScreen.storyboard */ = {
			isa = PBXVariantGroup;
			children = (
				746AE5EB2F7E6A820076A047 /* Base */,
			);
			name = LaunchScreen.storyboard;
			sourceTree = "<group>";
		};
		746AE5EE2F7E6A820076A047 /* Main.storyboard */ = {
			isa = PBXVariantGroup;
			children = (
				746AE5ED2F7E6A820076A047 /* Base */,
			);
			name = Main.storyboard;
			sourceTree = "<group>";
		};
/* End PBXVariantGroup section */

/* Begin XCBuildConfiguration section */
		744B21C62F77243100F2A8EB /* Debug */ = {
			isa = XCBuildConfiguration;
			baseConfigurationReference = 60932F831872CF9426966E4C /* Pods-108BrenrigaPorgrarvul.debug.xcconfig */;
			buildSettings = {
				ASSETCATALOG_COMPILER_APPICON_NAME = AppIcon;
				ASSETCATALOG_COMPILER_GENERATE_SWIFT_ASSET_SYMBOLS = NO;
				ASSETCATALOG_COMPILER_GLOBAL_ACCENT_COLOR_NAME = AccentColor;
				CODE_SIGN_ENTITLEMENTS = 108BrenrigaPorgrarvulDebug.entitlements;
				CODE_SIGN_STYLE = Automatic;
				CURRENT_PROJECT_VERSION = 1;
				DEVELOPMENT_TEAM = K49Q8F88P7;
				GENERATE_INFOPLIST_FILE = YES;
				INFOPLIST_FILE = 108BrenrigaPorgrarvul/Info.plist;
				INFOPLIST_KEY_CFBundleDisplayName = "Brenriga Porgrarvul";
				INFOPLIST_KEY_NSCameraUsageDescription = "We use the camera to let you capture photos and videos inside web content.";
				INFOPLIST_KEY_NSMicrophoneUsageDescription = "We use the microphone to record audio for camera and web content.";
				INFOPLIST_KEY_NSUserTrackingUsageDescription = "We use this data to measure ad campaigns and improve your experience in the app.";
				INFOPLIST_KEY_UIApplicationSupportsIndirectInputEvents = YES;
				INFOPLIST_KEY_UILaunchStoryboardName = LaunchScreen;
				INFOPLIST_KEY_UIRequiresFullScreen = YES;
				INFOPLIST_KEY_UISupportedInterfaceOrientations = "UIInterfaceOrientationLandscapeLeft UIInterfaceOrientationLandscapeRight UIInterfaceOrientationPortrait";
				INFOPLIST_KEY_UISupportedInterfaceOrientations_iPad = UIInterfaceOrientationPortrait;
				IPHONEOS_DEPLOYMENT_TARGET = 16.0;
				LD_RUNPATH_SEARCH_PATHS = (
					"$(inherited)",
					"@executable_path/Frameworks",
				);
				MARKETING_VERSION = 1.1;
				PRODUCT_BUNDLE_IDENTIFIER = com.hug.k0dj3nbs9;
				PRODUCT_NAME = "$(TARGET_NAME)";
				STRING_CATALOG_GENERATE_SYMBOLS = YES;
				SUPPORTED_PLATFORMS = "iphoneos iphonesimulator";
				SUPPORTS_MACCATALYST = NO;
				SUPPORTS_MAC_DESIGNED_FOR_IPHONE_IPAD = NO;
				SUPPORTS_XR_DESIGNED_FOR_IPHONE_IPAD = NO;
				SWIFT_APPROACHABLE_CONCURRENCY = YES;
				SWIFT_DEFAULT_ACTOR_ISOLATION = MainActor;
				SWIFT_EMIT_LOC_STRINGS = YES;
				SWIFT_UPCOMING_FEATURE_MEMBER_IMPORT_VISIBILITY = YES;
				SWIFT_VERSION = 5.0;
				TARGETED_DEVICE_FAMILY = 1;
			};
			name = Debug;
		};
		744B21C72F77243100F2A8EB /* Release */ = {
			isa = XCBuildConfiguration;
			baseConfigurationReference = 04C9DDA9880FCE77FE51CE5E /* Pods-108BrenrigaPorgrarvul.release.xcconfig */;
			buildSettings = {
				ASSETCATALOG_COMPILER_APPICON_NAME = AppIcon;
				ASSETCATALOG_COMPILER_GENERATE_SWIFT_ASSET_SYMBOLS = NO;
				ASSETCATALOG_COMPILER_GLOBAL_ACCENT_COLOR_NAME = AccentColor;
				CODE_SIGN_ENTITLEMENTS = 108BrenrigaPorgrarvulRelease.entitlements;
				CODE_SIGN_STYLE = Automatic;
				CURRENT_PROJECT_VERSION = 1;
				DEVELOPMENT_TEAM = K49Q8F88P7;
				GENERATE_INFOPLIST_FILE = YES;
				INFOPLIST_FILE = 108BrenrigaPorgrarvul/Info.plist;
				INFOPLIST_KEY_CFBundleDisplayName = "Brenriga Porgrarvul";
				INFOPLIST_KEY_NSCameraUsageDescription = "We use the camera to let you capture photos and videos inside web content.";
				INFOPLIST_KEY_NSMicrophoneUsageDescription = "We use the microphone to record audio for camera and web content.";
				INFOPLIST_KEY_NSUserTrackingUsageDescription = "We use this data to measure ad campaigns and improve your experience in the app.";
				INFOPLIST_KEY_UIApplicationSupportsIndirectInputEvents = YES;
				INFOPLIST_KEY_UILaunchStoryboardName = LaunchScreen;
				INFOPLIST_KEY_UIRequiresFullScreen = YES;
				INFOPLIST_KEY_UISupportedInterfaceOrientations = "UIInterfaceOrientationLandscapeLeft UIInterfaceOrientationLandscapeRight UIInterfaceOrientationPortrait";
				INFOPLIST_KEY_UISupportedInterfaceOrientations_iPad = UIInterfaceOrientationPortrait;
				IPHONEOS_DEPLOYMENT_TARGET = 16.0;
				LD_RUNPATH_SEARCH_PATHS = (
					"$(inherited)",
					"@executable_path/Frameworks",
				);
				MARKETING_VERSION = 1.1;
				PRODUCT_BUNDLE_IDENTIFIER = com.hug.k0dj3nbs9;
				PRODUCT_NAME = "$(TARGET_NAME)";
				STRING_CATALOG_GENERATE_SYMBOLS = YES;
				SUPPORTED_PLATFORMS = "iphoneos iphonesimulator";
				SUPPORTS_MACCATALYST = NO;
				SUPPORTS_MAC_DESIGNED_FOR_IPHONE_IPAD = NO;
				SUPPORTS_XR_DESIGNED_FOR_IPHONE_IPAD = NO;
				SWIFT_APPROACHABLE_CONCURRENCY = YES;
				SWIFT_DEFAULT_ACTOR_ISOLATION = MainActor;
				SWIFT_EMIT_LOC_STRINGS = YES;
				SWIFT_UPCOMING_FEATURE_MEMBER_IMPORT_VISIBILITY = YES;
				SWIFT_VERSION = 5.0;
				TARGETED_DEVICE_FAMILY = 1;
			};
			name = Release;
		};
		744B21C82F77243100F2A8EB /* Debug */ = {
			isa = XCBuildConfiguration;
			buildSettings = {
				ALWAYS_SEARCH_USER_PATHS = NO;
				ASSETCATALOG_COMPILER_GENERATE_SWIFT_ASSET_SYMBOL_EXTENSIONS = NO;
				CLANG_ANALYZER_NONNULL = YES;
				CLANG_ANALYZER_NUMBER_OBJECT_CONVERSION = YES_AGGRESSIVE;
				CLANG_CXX_LANGUAGE_STANDARD = "gnu++20";
				CLANG_ENABLE_MODULES = YES;
				CLANG_ENABLE_OBJC_ARC = YES;
				CLANG_ENABLE_OBJC_WEAK = YES;
				CLANG_WARN_BLOCK_CAPTURE_AUTORELEASING = YES;
				CLANG_WARN_BOOL_CONVERSION = YES;
				CLANG_WARN_COMMA = YES;
				CLANG_WARN_CONSTANT_CONVERSION = YES;
				CLANG_WARN_DEPRECATED_OBJC_IMPLEMENTATIONS = YES;
				CLANG_WARN_DIRECT_OBJC_ISA_USAGE = YES_ERROR;
				CLANG_WARN_DOCUMENTATION_COMMENTS = YES;
				CLANG_WARN_EMPTY_BODY = YES;
				CLANG_WARN_ENUM_CONVERSION = YES;
				CLANG_WARN_INFINITE_RECURSION = YES;
				CLANG_WARN_INT_CONVERSION = YES;
				CLANG_WARN_NON_LITERAL_NULL_CONVERSION = YES;
				CLANG_WARN_OBJC_IMPLICIT_RETAIN_SELF = YES;
				CLANG_WARN_OBJC_LITERAL_CONVERSION = YES;
				CLANG_WARN_OBJC_ROOT_CLASS = YES_ERROR;
				CLANG_WARN_QUOTED_INCLUDE_IN_FRAMEWORK_HEADER = YES;
				CLANG_WARN_RANGE_LOOP_ANALYSIS = YES;
				CLANG_WARN_STRICT_PROTOTYPES = YES;
				CLANG_WARN_SUSPICIOUS_MOVE = YES;
				CLANG_WARN_UNGUARDED_AVAILABILITY = YES_AGGRESSIVE;
				CLANG_WARN_UNREACHABLE_CODE = YES;
				CLANG_WARN__DUPLICATE_METHOD_MATCH = YES;
				COPY_PHASE_STRIP = NO;
				DEBUG_INFORMATION_FORMAT = dwarf;
				ENABLE_STRICT_OBJC_MSGSEND = YES;
				ENABLE_TESTABILITY = YES;
				ENABLE_USER_SCRIPT_SANDBOXING = YES;
				GCC_C_LANGUAGE_STANDARD = gnu17;
				GCC_DYNAMIC_NO_PIC = NO;
				GCC_NO_COMMON_BLOCKS = YES;
				GCC_OPTIMIZATION_LEVEL = 0;
				GCC_PREPROCESSOR_DEFINITIONS = (
					"DEBUG=1",
					"$(inherited)",
				);
				GCC_WARN_64_TO_32_BIT_CONVERSION = YES;
				GCC_WARN_ABOUT_RETURN_TYPE = YES_ERROR;
				GCC_WARN_UNDECLARED_SELECTOR = YES;
				GCC_WARN_UNINITIALIZED_AUTOS = YES_AGGRESSIVE;
				GCC_WARN_UNUSED_FUNCTION = YES;
				GCC_WARN_UNUSED_VARIABLE = YES;
				IPHONEOS_DEPLOYMENT_TARGET = 26.2;
				LOCALIZATION_PREFERS_STRING_CATALOGS = YES;
				MTL_ENABLE_DEBUG_INFO = INCLUDE_SOURCE;
				MTL_FAST_MATH = YES;
				ONLY_ACTIVE_ARCH = YES;
				SDKROOT = iphoneos;
				SWIFT_ACTIVE_COMPILATION_CONDITIONS = "DEBUG $(inherited)";
				SWIFT_OPTIMIZATION_LEVEL = "-Onone";
			};
			name = Debug;
		};
		744B21C92F77243100F2A8EB /* Release */ = {
			isa = XCBuildConfiguration;
			buildSettings = {
				ALWAYS_SEARCH_USER_PATHS = NO;
				ASSETCATALOG_COMPILER_GENERATE_SWIFT_ASSET_SYMBOL_EXTENSIONS = NO;
				CLANG_ANALYZER_NONNULL = YES;
				CLANG_ANALYZER_NUMBER_OBJECT_CONVERSION = YES_AGGRESSIVE;
				CLANG_CXX_LANGUAGE_STANDARD = "gnu++20";
				CLANG_ENABLE_MODULES = YES;
				CLANG_ENABLE_OBJC_ARC = YES;
				CLANG_ENABLE_OBJC_WEAK = YES;
				CLANG_WARN_BLOCK_CAPTURE_AUTORELEASING = YES;
				CLANG_WARN_BOOL_CONVERSION = YES;
				CLANG_WARN_COMMA = YES;
				CLANG_WARN_CONSTANT_CONVERSION = YES;
				CLANG_WARN_DEPRECATED_OBJC_IMPLEMENTATIONS = YES;
				CLANG_WARN_DIRECT_OBJC_ISA_USAGE = YES_ERROR;
				CLANG_WARN_DOCUMENTATION_COMMENTS = YES;
				CLANG_WARN_EMPTY_BODY = YES;
				CLANG_WARN_ENUM_CONVERSION = YES;
				CLANG_WARN_INFINITE_RECURSION = YES;
				CLANG_WARN_INT_CONVERSION = YES;
				CLANG_WARN_NON_LITERAL_NULL_CONVERSION = YES;
				CLANG_WARN_OBJC_IMPLICIT_RETAIN_SELF = YES;
				CLANG_WARN_OBJC_LITERAL_CONVERSION = YES;
				CLANG_WARN_OBJC_ROOT_CLASS = YES_ERROR;
				CLANG_WARN_QUOTED_INCLUDE_IN_FRAMEWORK_HEADER = YES;
				CLANG_WARN_RANGE_LOOP_ANALYSIS = YES;
				CLANG_WARN_STRICT_PROTOTYPES = YES;
				CLANG_WARN_SUSPICIOUS_MOVE = YES;
				CLANG_WARN_UNGUARDED_AVAILABILITY = YES_AGGRESSIVE;
				CLANG_WARN_UNREACHABLE_CODE = YES;
				CLANG_WARN__DUPLICATE_METHOD_MATCH = YES;
				COPY_PHASE_STRIP = NO;
				DEBUG_INFORMATION_FORMAT = "dwarf-with-dsym";
				ENABLE_NS_ASSERTIONS = NO;
				ENABLE_STRICT_OBJC_MSGSEND = YES;
				ENABLE_USER_SCRIPT_SANDBOXING = YES;
				GCC_C_LANGUAGE_STANDARD = gnu17;
				GCC_NO_COMMON_BLOCKS = YES;
				GCC_WARN_64_TO_32_BIT_CONVERSION = YES;
				GCC_WARN_ABOUT_RETURN_TYPE = YES_ERROR;
				GCC_WARN_UNDECLARED_SELECTOR = YES;
				GCC_WARN_UNINITIALIZED_AUTOS = YES_AGGRESSIVE;
				GCC_WARN_UNUSED_FUNCTION = YES;
				GCC_WARN_UNUSED_VARIABLE = YES;
				IPHONEOS_DEPLOYMENT_TARGET = 26.2;
				LOCALIZATION_PREFERS_STRING_CATALOGS = YES;
				MTL_ENABLE_DEBUG_INFO = NO;
				MTL_FAST_MATH = YES;
				SDKROOT = iphoneos;
				SWIFT_COMPILATION_MODE = wholemodule;
				VALIDATE_PRODUCT = YES;
			};
			name = Release;
		};
		C6122233445566778899B111 /* Debug */ = {
			isa = XCBuildConfiguration;
			baseConfigurationReference = 60932F831872CF9426966E4C /* Pods-108BrenrigaPorgrarvul.debug.xcconfig */;
			buildSettings = {
				CODE_SIGN_ENTITLEMENTS = 108BrenrigaPorgrarvulDebug.entitlements;
				CODE_SIGN_STYLE = Automatic;
				CURRENT_PROJECT_VERSION = 1;
				DEVELOPMENT_TEAM = K49Q8F88P7;
				GENERATE_INFOPLIST_FILE = NO;
				INFOPLIST_FILE = NotificationServiceExtension/Info.plist;
				IPHONEOS_DEPLOYMENT_TARGET = 16.0;
				LD_RUNPATH_SEARCH_PATHS = (
					"$(inherited)",
					"@executable_path/Frameworks",
					"@executable_path/../../Frameworks",
				);
				MARKETING_VERSION = 1.1;
				PRODUCT_BUNDLE_IDENTIFIER = com.hug.k0dj3nbs9.NotificationServiceExtension;
				PRODUCT_NAME = "$(TARGET_NAME)";
				SKIP_INSTALL = YES;
				SUPPORTED_PLATFORMS = "iphoneos iphonesimulator";
				SUPPORTS_MACCATALYST = NO;
				SUPPORTS_MAC_DESIGNED_FOR_IPHONE_IPAD = NO;
				SUPPORTS_XR_DESIGNED_FOR_IPHONE_IPAD = NO;
				SWIFT_APPROACHABLE_CONCURRENCY = YES;
				SWIFT_DEFAULT_ACTOR_ISOLATION = MainActor;
				SWIFT_EMIT_LOC_STRINGS = YES;
				SWIFT_UPCOMING_FEATURE_MEMBER_IMPORT_VISIBILITY = YES;
				SWIFT_VERSION = 5.0;
				TARGETED_DEVICE_FAMILY = 1;
			};
			name = Debug;
		};
		C7122233445566778899B222 /* Release */ = {
			isa = XCBuildConfiguration;
			baseConfigurationReference = 04C9DDA9880FCE77FE51CE5E /* Pods-108BrenrigaPorgrarvul.release.xcconfig */;
			buildSettings = {
				CODE_SIGN_ENTITLEMENTS = 108BrenrigaPorgrarvulRelease.entitlements;
				CODE_SIGN_STYLE = Automatic;
				CURRENT_PROJECT_VERSION = 1;
				DEVELOPMENT_TEAM = K49Q8F88P7;
				GENERATE_INFOPLIST_FILE = NO;
				INFOPLIST_FILE = NotificationServiceExtension/Info.plist;
				IPHONEOS_DEPLOYMENT_TARGET = 16.0;
				LD_RUNPATH_SEARCH_PATHS = (
					"$(inherited)",
					"@executable_path/Frameworks",
					"@executable_path/../../Frameworks",
				);
				MARKETING_VERSION = 1.1;
				PRODUCT_BUNDLE_IDENTIFIER = com.hug.k0dj3nbs9.NotificationServiceExtension;
				PRODUCT_NAME = "$(TARGET_NAME)";
				SKIP_INSTALL = YES;
				SUPPORTED_PLATFORMS = "iphoneos iphonesimulator";
				SUPPORTS_MACCATALYST = NO;
				SUPPORTS_MAC_DESIGNED_FOR_IPHONE_IPAD = NO;
				SUPPORTS_XR_DESIGNED_FOR_IPHONE_IPAD = NO;
				SWIFT_APPROACHABLE_CONCURRENCY = YES;
				SWIFT_DEFAULT_ACTOR_ISOLATION = MainActor;
				SWIFT_EMIT_LOC_STRINGS = YES;
				SWIFT_UPCOMING_FEATURE_MEMBER_IMPORT_VISIBILITY = YES;
				SWIFT_VERSION = 5.0;
				TARGETED_DEVICE_FAMILY = 1;
			};
			name = Release;
		};
/* End XCBuildConfiguration section */

/* Begin XCConfigurationList section */
		744B21AD2F77243000F2A8EB /* Build configuration list for PBXProject "108BrenrigaPorgrarvul" */ = {
			isa = XCConfigurationList;
			buildConfigurations = (
				744B21C82F77243100F2A8EB /* Debug */,
				744B21C92F77243100F2A8EB /* Release */,
			);
			defaultConfigurationIsVisible = 0;
			defaultConfigurationName = Release;
		};
		744B21C52F77243100F2A8EB /* Build configuration list for PBXNativeTarget "108BrenrigaPorgrarvul" */ = {
			isa = XCConfigurationList;
			buildConfigurations = (
				744B21C62F77243100F2A8EB /* Debug */,
				744B21C72F77243100F2A8EB /* Release */,
			);
			defaultConfigurationIsVisible = 0;
			defaultConfigurationName = Release;
		};
		C5122233445566778899B000 /* Build configuration list for PBXNativeTarget "NotificationServiceExtension" */ = {
			isa = XCConfigurationList;
			buildConfigurations = (
				C6122233445566778899B111 /* Debug */,
				C7122233445566778899B222 /* Release */,
			);
			defaultConfigurationIsVisible = 0;
			defaultConfigurationName = Release;
		};
/* End XCConfigurationList section */

/* Begin XCRemoteSwiftPackageReference section */
		746ADAA62F7E4C3E0076A047 /* XCRemoteSwiftPackageReference "AppsFlyerFramework-Static" */ = {
			isa = XCRemoteSwiftPackageReference;
			repositoryURL = "https://github.com/AppsFlyerSDK/AppsFlyerFramework-Static";
			requirement = {
				kind = upToNextMajorVersion;
				minimumVersion = 6.17.9;
			};
		};
		746ADAA92F7E4C7E0076A047 /* XCRemoteSwiftPackageReference "firebase-ios-sdk" */ = {
			isa = XCRemoteSwiftPackageReference;
			repositoryURL = "https://github.com/firebase/firebase-ios-sdk";
			requirement = {
				kind = upToNextMajorVersion;
				minimumVersion = 12.11.0;
			};
		};
/* End XCRemoteSwiftPackageReference section */

/* Begin XCSwiftPackageProductDependency section */
		746ADAA72F7E4C3E0076A047 /* AppsFlyerLib-Static */ = {
			isa = XCSwiftPackageProductDependency;
			package = 746ADAA62F7E4C3E0076A047 /* XCRemoteSwiftPackageReference "AppsFlyerFramework-Static" */;
			productName = "AppsFlyerLib-Static";
		};
		746ADAAA2F7E4C7E0076A047 /* FirebaseMessaging */ = {
			isa = XCSwiftPackageProductDependency;
			package = 746ADAA92F7E4C7E0076A047 /* XCRemoteSwiftPackageReference "firebase-ios-sdk" */;
			productName = FirebaseMessaging;
		};
		746AE54B2F7E65E60076A047 /* FirebaseMessaging */ = {
			isa = XCSwiftPackageProductDependency;
			package = 746ADAA92F7E4C7E0076A047 /* XCRemoteSwiftPackageReference "firebase-ios-sdk" */;
			productName = FirebaseMessaging;
		};
/* End XCSwiftPackageProductDependency section */
	};
	rootObject = 744B21AA2F77243000F2A8EB /* Project object */;
}
